// !$*UTF8*$!
{
	archiveVersion = 1;
	classes = {
	};
	objectVersion = 56;
	objects = {

/* Begin PBXBuildFile section */
		40D152FB2CBA7C6900BD239C /* AppDelegate.swift in Sources */ = {isa = PBXBuildFile; fileRef = 40D152FA2CBA7C6900BD239C /* AppDelegate.swift */; };
		40D152FD2CBA7C6900BD239C /* SceneDelegate.swift in Sources */ = {isa = PBXBuildFile; fileRef = 40D152FC2CBA7C6900BD239C /* SceneDelegate.swift */; };
		40D152FF2CBA7C6900BD239C /* HomepageVC.swift in Sources */ = {isa = PBXBuildFile; fileRef = 40D152FE2CBA7C6900BD239C /* HomepageVC.swift */; };
		40D153022CBA7C6900BD239C /* Base in Resources */ = {isa = PBXBuildFile; fileRef = 40D153012CBA7C6900BD239C /* Base */; };
		40D153042CBA7C6A00BD239C /* Assets.xcassets in Resources */ = {isa = PBXBuildFile; fileRef = 40D153032CBA7C6A00BD239C /* Assets.xcassets */; };
		40D153072CBA7C6A00BD239C /* Base in Resources */ = {isa = PBXBuildFile; fileRef = 40D153062CBA7C6A00BD239C /* Base */; };
		40D153182CBA8AE100BD239C /* HomepageViewModel.swift in Sources */ = {isa = PBXBuildFile; fileRef = 40D153172CBA8AE100BD239C /* HomepageViewModel.swift */; };
		40D1531A2CBA8AFC00BD239C /* NetworkManager.swift in Sources */ = {isa = PBXBuildFile; fileRef = 40D153192CBA8AFC00BD239C /* NetworkManager.swift */; };
		40D1531C2CBA8DC500BD239C /* HomepageCell.swift in Sources */ = {isa = PBXBuildFile; fileRef = 40D1531B2CBA8DC500BD239C /* HomepageCell.swift */; };
		40D1531E2CBA926C00BD239C /* Products.swift in Sources */ = {isa = PBXBuildFile; fileRef = 40D1531D2CBA926C00BD239C /* Products.swift */; };
		40D153202CBA928300BD239C /* ProductsResponse.swift in Sources */ = {isa = PBXBuildFile; fileRef = 40D1531F2CBA928300BD239C /* ProductsResponse.swift */; };
		40D153232CBA93C700BD239C /* Alamofire in Frameworks */ = {isa = PBXBuildFile; productRef = 40D153222CBA93C700BD239C /* Alamofire */; };
		40D153282CBA93D800BD239C /* Kingfisher in Frameworks */ = {isa = PBXBuildFile; productRef = 40D153272CBA93D800BD239C /* Kingfisher */; };
		40D1532B2CBA93F300BD239C /* RxCocoa in Frameworks */ = {isa = PBXBuildFile; productRef = 40D1532A2CBA93F300BD239C /* RxCocoa */; };
		40D1532D2CBA93F300BD239C /* RxSwift in Frameworks */ = {isa = PBXBuildFile; productRef = 40D1532C2CBA93F300BD239C /* RxSwift */; };
/* End PBXBuildFile section */

/* Begin PBXFileReference section */
		40D152F72CBA7C6900BD239C /* BuyssyApp.app */ = {isa = PBXFileReference; explicitFileType = wrapper.application; includeInIndex = 0; path = BuyssyApp.app; sourceTree = BUILT_PRODUCTS_DIR; };
		40D152FA2CBA7C6900BD239C /* AppDelegate.swift */ = {isa = PBXFileReference; lastKnownFileType = sourcecode.swift; path = AppDelegate.swift; sourceTree = "<group>"; };
		40D152FC2CBA7C6900BD239C /* SceneDelegate.swift */ = {isa = PBXFileReference; lastKnownFileType = sourcecode.swift; path = SceneDelegate.swift; sourceTree = "<group>"; };
		40D152FE2CBA7C6900BD239C /* HomepageVC.swift */ = {isa = PBXFileReference; lastKnownFileType = sourcecode.swift; path = HomepageVC.swift; sourceTree = "<group>"; };
		40D153012CBA7C6900BD239C /* Base */ = {isa = PBXFileReference; lastKnownFileType = file.storyboard; name = Base; path = Base.lproj/Main.storyboard; sourceTree = "<group>"; };
		40D153032CBA7C6A00BD239C /* Assets.xcassets */ = {isa = PBXFileReference; lastKnownFileType = folder.assetcatalog; path = Assets.xcassets; sourceTree = "<group>"; };
		40D153062CBA7C6A00BD239C /* Base */ = {isa = PBXFileReference; lastKnownFileType = file.storyboard; name = Base; path = Base.lproj/LaunchScreen.storyboard; sourceTree = "<group>"; };
		40D153082CBA7C6A00BD239C /* Info.plist */ = {isa = PBXFileReference; lastKnownFileType = text.plist.xml; path = Info.plist; sourceTree = "<group>"; };
		40D153172CBA8AE100BD239C /* HomepageViewModel.swift */ = {isa = PBXFileReference; lastKnownFileType = sourcecode.swift; path = HomepageViewModel.swift; sourceTree = "<group>"; };
		40D153192CBA8AFC00BD239C /* NetworkManager.swift */ = {isa = PBXFileReference; lastKnownFileType = sourcecode.swift; path = NetworkManager.swift; sourceTree = "<group>"; };
		40D1531B2CBA8DC500BD239C /* HomepageCell.swift */ = {isa = PBXFileReference; lastKnownFileType = sourcecode.swift; path = HomepageCell.swift; sourceTree = "<group>"; };
		40D1531D2CBA926C00BD239C /* Products.swift */ = {isa = PBXFileReference; lastKnownFileType = sourcecode.swift; path = Products.swift; sourceTree = "<group>"; };
		40D1531F2CBA928300BD239C /* ProductsResponse.swift */ = {isa = PBXFileReference; lastKnownFileType = sourcecode.swift; path = ProductsResponse.swift; sourceTree = "<group>"; };
/* End PBXFileReference section */

/* Begin PBXFrameworksBuildPhase section */
		40D152F42CBA7C6900BD239C /* Frameworks */ = {
			isa = PBXFrameworksBuildPhase;
			buildActionMask = 2147483647;
			files = (
				40D153282CBA93D800BD239C /* Kingfisher in Frameworks */,
				40D153232CBA93C700BD239C /* Alamofire in Frameworks */,
				40D1532D2CBA93F300BD239C /* RxSwift in Frameworks */,
				40D1532B2CBA93F300BD239C /* RxCocoa in Frameworks */,
			);
			runOnlyForDeploymentPostprocessing = 0;
		};
/* End PBXFrameworksBuildPhase section */

/* Begin PBXGroup section */
		40D152EE2CBA7C6900BD239C = {
			isa = PBXGroup;
			children = (
				40D152F92CBA7C6900BD239C /* BuyssyApp */,
				40D152F82CBA7C6900BD239C /* Products */,
			);
			sourceTree = "<group>";
		};
		40D152F82CBA7C6900BD239C /* Products */ = {
			isa = PBXGroup;
			children = (
				40D152F72CBA7C6900BD239C /* BuyssyApp.app */,
			);
			name = Products;
			sourceTree = "<group>";
		};
		40D152F92CBA7C6900BD239C /* BuyssyApp */ = {
			isa = PBXGroup;
			children = (
				40D152FA2CBA7C6900BD239C /* AppDelegate.swift */,
				40D152FC2CBA7C6900BD239C /* SceneDelegate.swift */,
				40D153112CBA89B600BD239C /* data */,
				40D153102CBA89A200BD239C /* ui */,
				40D153002CBA7C6900BD239C /* Main.storyboard */,
				40D153032CBA7C6A00BD239C /* Assets.xcassets */,
				40D153052CBA7C6A00BD239C /* LaunchScreen.storyboard */,
				40D153082CBA7C6A00BD239C /* Info.plist */,
			);
			path = BuyssyApp;
			sourceTree = "<group>";
		};
		40D153102CBA89A200BD239C /* ui */ = {
			isa = PBXGroup;
			children = (
				40D153162CBA8A4F00BD239C /* viewmodels */,
				40D153152CBA8A4000BD239C /* tableview */,
				40D153142CBA8A2D00BD239C /* screens */,
			);
			path = ui;
			sourceTree = "<group>";
		};
		40D153112CBA89B600BD239C /* data */ = {
			isa = PBXGroup;
			children = (
				40D153122CBA89CD00BD239C /* managers */,
				40D153132CBA89E800BD239C /* entity */,
			);
			path = data;
			sourceTree = "<group>";
		};
		40D153122CBA89CD00BD239C /* managers */ = {
			isa = PBXGroup;
			children = (
				40D153192CBA8AFC00BD239C /* NetworkManager.swift */,
			);
			path = managers;
			sourceTree = "<group>";
		};
		40D153132CBA89E800BD239C /* entity */ = {
			isa = PBXGroup;
			children = (
				40D1531D2CBA926C00BD239C /* Products.swift */,
				40D1531F2CBA928300BD239C /* ProductsResponse.swift */,
			);
			path = entity;
			sourceTree = "<group>";
		};
		40D153142CBA8A2D00BD239C /* screens */ = {
			isa = PBXGroup;
			children = (
				40D152FE2CBA7C6900BD239C /* HomepageVC.swift */,
			);
			path = screens;
			sourceTree = "<group>";
		};
		40D153152CBA8A4000BD239C /* tableview */ = {
			isa = PBXGroup;
			children = (
				40D1531B2CBA8DC500BD239C /* HomepageCell.swift */,
			);
			path = tableview;
			sourceTree = "<group>";
		};
		40D153162CBA8A4F00BD239C /* viewmodels */ = {
			isa = PBXGroup;
			children = (
				40D153172CBA8AE100BD239C /* HomepageViewModel.swift */,
			);
			path = viewmodels;
			sourceTree = "<group>";
		};
/* End PBXGroup section */

/* Begin PBXNativeTarget section */
		40D152F62CBA7C6900BD239C /* BuyssyApp */ = {
			isa = PBXNativeTarget;
			buildConfigurationList = 40D1530B2CBA7C6A00BD239C /* Build configuration list for PBXNativeTarget "BuyssyApp" */;
			buildPhases = (
				40D152F32CBA7C6900BD239C /* Sources */,
				40D152F42CBA7C6900BD239C /* Frameworks */,
				40D152F52CBA7C6900BD239C /* Resources */,
			);
			buildRules = (
			);
			dependencies = (
			);
			name = BuyssyApp;
			packageProductDependencies = (
				40D153222CBA93C700BD239C /* Alamofire */,
				40D153272CBA93D800BD239C /* Kingfisher */,
				40D1532A2CBA93F300BD239C /* RxCocoa */,
				40D1532C2CBA93F300BD239C /* RxSwift */,
			);
			productName = BuyssyApp;
			productReference = 40D152F72CBA7C6900BD239C /* BuyssyApp.app */;
			productType = "com.apple.product-type.application";
		};
/* End PBXNativeTarget section */

/* Begin PBXProject section */
		40D152EF2CBA7C6900BD239C /* Project object */ = {
			isa = PBXProject;
			attributes = {
				BuildIndependentTargetsInParallel = 1;
				LastSwiftUpdateCheck = 1540;
				LastUpgradeCheck = 1540;
				TargetAttributes = {
					40D152F62CBA7C6900BD239C = {
						CreatedOnToolsVersion = 15.4;
					};
				};
			};
			buildConfigurationList = 40D152F22CBA7C6900BD239C /* Build configuration list for PBXProject "BuyssyApp" */;
			compatibilityVersion = "Xcode 14.0";
			developmentRegion = en;
			hasScannedForEncodings = 0;
			knownRegions = (
				en,
				Base,
			);
			mainGroup = 40D152EE2CBA7C6900BD239C;
			packageReferences = (
				40D153212CBA93C700BD239C /* XCRemoteSwiftPackageReference "Alamofire" */,
				40D153262CBA93D800BD239C /* XCRemoteSwiftPackageReference "Kingfisher" */,
				40D153292CBA93F300BD239C /* XCRemoteSwiftPackageReference "RxSwift" */,
			);
			productRefGroup = 40D152F82CBA7C6900BD239C /* Products */;
			projectDirPath = "";
			projectRoot = "";
			targets = (
				40D152F62CBA7C6900BD239C /* BuyssyApp */,
			);
		};
/* End PBXProject section */

/* Begin PBXResourcesBuildPhase section */
		40D152F52CBA7C6900BD239C /* Resources */ = {
			isa = PBXResourcesBuildPhase;
			buildActionMask = 2147483647;
			files = (
				40D153042CBA7C6A00BD239C /* Assets.xcassets in Resources */,
				40D153072CBA7C6A00BD239C /* Base in Resources */,
				40D153022CBA7C6900BD239C /* Base in Resources */,
			);
			runOnlyForDeploymentPostprocessing = 0;
		};
/* End PBXResourcesBuildPhase section */

/* Begin PBXSourcesBuildPhase section */
		40D152F32CBA7C6900BD239C /* Sources */ = {
			isa = PBXSourcesBuildPhase;
			buildActionMask = 2147483647;
			files = (
				40D153182CBA8AE100BD239C /* HomepageViewModel.swift in Sources */,
				40D152FF2CBA7C6900BD239C /* HomepageVC.swift in Sources */,
				40D1531A2CBA8AFC00BD239C /* NetworkManager.swift in Sources */,
				40D1531E2CBA926C00BD239C /* Products.swift in Sources */,
				40D153202CBA928300BD239C /* ProductsResponse.swift in Sources */,
				40D152FB2CBA7C6900BD239C /* AppDelegate.swift in Sources */,
				40D152FD2CBA7C6900BD239C /* SceneDelegate.swift in Sources */,
				40D1531C2CBA8DC500BD239C /* HomepageCell.swift in Sources */,
			);
			runOnlyForDeploymentPostprocessing = 0;
		};
/* End PBXSourcesBuildPhase section */

/* Begin PBXVariantGroup section */
		40D153002CBA7C6900BD239C /* Main.storyboard */ = {
			isa = PBXVariantGroup;
			children = (
				40D153012CBA7C6900BD239C /* Base */,
			);
			name = Main.storyboard;
			sourceTree = "<group>";
		};
		40D153052CBA7C6A00BD239C /* LaunchScreen.storyboard */ = {
			isa = PBXVariantGroup;
			children = (
				40D153062CBA7C6A00BD239C /* Base */,
			);
			name = LaunchScreen.storyboard;
			sourceTree = "<group>";
		};
/* End PBXVariantGroup section */

/* Begin XCBuildConfiguration section */
		40D153092CBA7C6A00BD239C /* Debug */ = {
			isa = XCBuildConfiguration;
			buildSettings = {
				ALWAYS_SEARCH_USER_PATHS = NO;
				ASSETCATALOG_COMPILER_GENERATE_SWIFT_ASSET_SYMBOL_EXTENSIONS = YES;
				CLANG_ANALYZER_NONNULL = YES;
				CLANG_ANALYZER_NUMBER_OBJECT_CONVERSION = YES_AGGRESSIVE;
				CLANG_CXX_LANGUAGE_STANDARD = "gnu++20";
				CLANG_ENABLE_MODULES = YES;
				CLANG_ENABLE_OBJC_ARC = YES;
				CLANG_ENABLE_OBJC_WEAK = YES;
				CLANG_WARN_BLOCK_CAPTURE_AUTORELEASING = YES;
				CLANG_WARN_BOOL_CONVERSION = YES;
				CLANG_WARN_COMMA = YES;
				CLANG_WARN_CONSTANT_CONVERSION = YES;
				CLANG_WARN_DEPRECATED_OBJC_IMPLEMENTATIONS = YES;
				CLANG_WARN_DIRECT_OBJC_ISA_USAGE = YES_ERROR;
				CLANG_WARN_DOCUMENTATION_COMMENTS = YES;
				CLANG_WARN_EMPTY_BODY = YES;
				CLANG_WARN_ENUM_CONVERSION = YES;
				CLANG_WARN_INFINITE_RECURSION = YES;
				CLANG_WARN_INT_CONVERSION = YES;
				CLANG_WARN_NON_LITERAL_NULL_CONVERSION = YES;
				CLANG_WARN_OBJC_IMPLICIT_RETAIN_SELF = YES;
				CLANG_WARN_OBJC_LITERAL_CONVERSION = YES;
				CLANG_WARN_OBJC_ROOT_CLASS = YES_ERROR;
				CLANG_WARN_QUOTED_INCLUDE_IN_FRAMEWORK_HEADER = YES;
				CLANG_WARN_RANGE_LOOP_ANALYSIS = YES;
				CLANG_WARN_STRICT_PROTOTYPES = YES;
				CLANG_WARN_SUSPICIOUS_MOVE = YES;
				CLANG_WARN_UNGUARDED_AVAILABILITY = YES_AGGRESSIVE;
				CLANG_WARN_UNREACHABLE_CODE = YES;
				CLANG_WARN__DUPLICATE_METHOD_MATCH = YES;
				COPY_PHASE_STRIP = NO;
				DEBUG_INFORMATION_FORMAT = dwarf;
				ENABLE_STRICT_OBJC_MSGSEND = YES;
				ENABLE_TESTABILITY = YES;
				ENABLE_USER_SCRIPT_SANDBOXING = YES;
				GCC_C_LANGUAGE_STANDARD = gnu17;
				GCC_DYNAMIC_NO_PIC = NO;
				GCC_NO_COMMON_BLOCKS = YES;
				GCC_OPTIMIZATION_LEVEL = 0;
				GCC_PREPROCESSOR_DEFINITIONS = (
					"DEBUG=1",
					"$(inherited)",
				);
				GCC_WARN_64_TO_32_BIT_CONVERSION = YES;
				GCC_WARN_ABOUT_RETURN_TYPE = YES_ERROR;
				GCC_WARN_UNDECLARED_SELECTOR = YES;
				GCC_WARN_UNINITIALIZED_AUTOS = YES_AGGRESSIVE;
				GCC_WARN_UNUSED_FUNCTION = YES;
				GCC_WARN_UNUSED_VARIABLE = YES;
				IPHONEOS_DEPLOYMENT_TARGET = 17.5;
				LOCALIZATION_PREFERS_STRING_CATALOGS = YES;
				MTL_ENABLE_DEBUG_INFO = INCLUDE_SOURCE;
				MTL_FAST_MATH = YES;
				ONLY_ACTIVE_ARCH = YES;
				SDKROOT = iphoneos;
				SWIFT_ACTIVE_COMPILATION_CONDITIONS = "DEBUG $(inherited)";
				SWIFT_OPTIMIZATION_LEVEL = "-Onone";
			};
			name = Debug;
		};
		40D1530A2CBA7C6A00BD239C /* Release */ = {
			isa = XCBuildConfiguration;
			buildSettings = {
				ALWAYS_SEARCH_USER_PATHS = NO;
				ASSETCATALOG_COMPILER_GENERATE_SWIFT_ASSET_SYMBOL_EXTENSIONS = YES;
				CLANG_ANALYZER_NONNULL = YES;
				CLANG_ANALYZER_NUMBER_OBJECT_CONVERSION = YES_AGGRESSIVE;
				CLANG_CXX_LANGUAGE_STANDARD = "gnu++20";
				CLANG_ENABLE_MODULES = YES;
				CLANG_ENABLE_OBJC_ARC = YES;
				CLANG_ENABLE_OBJC_WEAK = YES;
				CLANG_WARN_BLOCK_CAPTURE_AUTORELEASING = YES;
				CLANG_WARN_BOOL_CONVERSION = YES;
				CLANG_WARN_COMMA = YES;
				CLANG_WARN_CONSTANT_CONVERSION = YES;
				CLANG_WARN_DEPRECATED_OBJC_IMPLEMENTATIONS = YES;
				CLANG_WARN_DIRECT_OBJC_ISA_USAGE = YES_ERROR;
				CLANG_WARN_DOCUMENTATION_COMMENTS = YES;
				CLANG_WARN_EMPTY_BODY = YES;
				CLANG_WARN_ENUM_CONVERSION = YES;
				CLANG_WARN_INFINITE_RECURSION = YES;
				CLANG_WARN_INT_CONVERSION = YES;
				CLANG_WARN_NON_LITERAL_NULL_CONVERSION = YES;
				CLANG_WARN_OBJC_IMPLICIT_RETAIN_SELF = YES;
				CLANG_WARN_OBJC_LITERAL_CONVERSION = YES;
				CLANG_WARN_OBJC_ROOT_CLASS = YES_ERROR;
				CLANG_WARN_QUOTED_INCLUDE_IN_FRAMEWORK_HEADER = YES;
				CLANG_WARN_RANGE_LOOP_ANALYSIS = YES;
				CLANG_WARN_STRICT_PROTOTYPES = YES;
				CLANG_WARN_SUSPICIOUS_MOVE = YES;
				CLANG_WARN_UNGUARDED_AVAILABILITY = YES_AGGRESSIVE;
				CLANG_WARN_UNREACHABLE_CODE = YES;
				CLANG_WARN__DUPLICATE_METHOD_MATCH = YES;
				COPY_PHASE_STRIP = NO;
				DEBUG_INFORMATION_FORMAT = "dwarf-with-dsym";
				ENABLE_NS_ASSERTIONS = NO;
				ENABLE_STRICT_OBJC_MSGSEND = YES;
				ENABLE_USER_SCRIPT_SANDBOXING = YES;
				GCC_C_LANGUAGE_STANDARD = gnu17;
				GCC_NO_COMMON_BLOCKS = YES;
				GCC_WARN_64_TO_32_BIT_CONVERSION = YES;
				GCC_WARN_ABOUT_RETURN_TYPE = YES_ERROR;
				GCC_WARN_UNDECLARED_SELECTOR = YES;
				GCC_WARN_UNINITIALIZED_AUTOS = YES_AGGRESSIVE;
				GCC_WARN_UNUSED_FUNCTION = YES;
				GCC_WARN_UNUSED_VARIABLE = YES;
				IPHONEOS_DEPLOYMENT_TARGET = 17.5;
				LOCALIZATION_PREFERS_STRING_CATALOGS = YES;
				MTL_ENABLE_DEBUG_INFO = NO;
				MTL_FAST_MATH = YES;
				SDKROOT = iphoneos;
				SWIFT_COMPILATION_MODE = wholemodule;
				VALIDATE_PRODUCT = YES;
			};
			name = Release;
		};
		40D1530C2CBA7C6A00BD239C /* Debug */ = {
			isa = XCBuildConfiguration;
			buildSettings = {
				ASSETCATALOG_COMPILER_APPICON_NAME = AppIcon;
				ASSETCATALOG_COMPILER_GLOBAL_ACCENT_COLOR_NAME = AccentColor;
				CODE_SIGN_STYLE = Automatic;
				CURRENT_PROJECT_VERSION = 1;
				DEVELOPMENT_TEAM = BVCTAYM5RV;
				GENERATE_INFOPLIST_FILE = YES;
				INFOPLIST_FILE = BuyssyApp/Info.plist;
				INFOPLIST_KEY_UIApplicationSupportsIndirectInputEvents = YES;
				INFOPLIST_KEY_UILaunchStoryboardName = LaunchScreen;
				INFOPLIST_KEY_UIMainStoryboardFile = Main;
				INFOPLIST_KEY_UISupportedInterfaceOrientations_iPad = "UIInterfaceOrientationPortrait UIInterfaceOrientationPortraitUpsideDown UIInterfaceOrientationLandscapeLeft UIInterfaceOrientationLandscapeRight";
				INFOPLIST_KEY_UISupportedInterfaceOrientations_iPhone = "UIInterfaceOrientationPortrait UIInterfaceOrientationLandscapeLeft UIInterfaceOrientationLandscapeRight";
				LD_RUNPATH_SEARCH_PATHS = (
					"$(inherited)",
					"@executable_path/Frameworks",
				);
				MARKETING_VERSION = 1.0;
				PRODUCT_BUNDLE_IDENTIFIER = fatiharslan.BuyssyApp;
				PRODUCT_NAME = "$(TARGET_NAME)";
				SWIFT_EMIT_LOC_STRINGS = YES;
				SWIFT_VERSION = 5.0;
				TARGETED_DEVICE_FAMILY = "1,2";
			};
			name = Debug;
		};
		40D1530D2CBA7C6A00BD239C /* Release */ = {
			isa = XCBuildConfiguration;
			buildSettings = {
				ASSETCATALOG_COMPILER_APPICON_NAME = AppIcon;
				ASSETCATALOG_COMPILER_GLOBAL_ACCENT_COLOR_NAME = AccentColor;
				CODE_SIGN_STYLE = Automatic;
				CURRENT_PROJECT_VERSION = 1;
				DEVELOPMENT_TEAM = BVCTAYM5RV;
				GENERATE_INFOPLIST_FILE = YES;
				INFOPLIST_FILE = BuyssyApp/Info.plist;
				INFOPLIST_KEY_UIApplicationSupportsIndirectInputEvents = YES;
				INFOPLIST_KEY_UILaunchStoryboardName = LaunchScreen;
				INFOPLIST_KEY_UIMainStoryboardFile = Main;
				INFOPLIST_KEY_UISupportedInterfaceOrientations_iPad = "UIInterfaceOrientationPortrait UIInterfaceOrientationPortraitUpsideDown UIInterfaceOrientationLandscapeLeft UIInterfaceOrientationLandscapeRight";
				INFOPLIST_KEY_UISupportedInterfaceOrientations_iPhone = "UIInterfaceOrientationPortrait UIInterfaceOrientationLandscapeLeft UIInterfaceOrientationLandscapeRight";
				LD_RUNPATH_SEARCH_PATHS = (
					"$(inherited)",
					"@executable_path/Frameworks",
				);
				MARKETING_VERSION = 1.0;
				PRODUCT_BUNDLE_IDENTIFIER = fatiharslan.BuyssyApp;
				PRODUCT_NAME = "$(TARGET_NAME)";
				SWIFT_EMIT_LOC_STRINGS = YES;
				SWIFT_VERSION = 5.0;
				TARGETED_DEVICE_FAMILY = "1,2";
			};
			name = Release;
		};
/* End XCBuildConfiguration section */

/* Begin XCConfigurationList section */
		40D152F22CBA7C6900BD239C /* Build configuration list for PBXProject "BuyssyApp" */ = {
			isa = XCConfigurationList;
			buildConfigurations = (
				40D153092CBA7C6A00BD239C /* Debug */,
				40D1530A2CBA7C6A00BD239C /* Release */,
			);
			defaultConfigurationIsVisible = 0;
			defaultConfigurationName = Release;
		};
		40D1530B2CBA7C6A00BD239C /* Build configuration list for PBXNativeTarget "BuyssyApp" */ = {
			isa = XCConfigurationList;
			buildConfigurations = (
				40D1530C2CBA7C6A00BD239C /* Debug */,
				40D1530D2CBA7C6A00BD239C /* Release */,
			);
			defaultConfigurationIsVisible = 0;
			defaultConfigurationName = Release;
		};
/* End XCConfigurationList section */

/* Begin XCRemoteSwiftPackageReference section */
		40D153212CBA93C700BD239C /* XCRemoteSwiftPackageReference "Alamofire" */ = {
			isa = XCRemoteSwiftPackageReference;
			repositoryURL = "https://github.com/Alamofire/Alamofire.git";
			requirement = {
				kind = upToNextMajorVersion;
				minimumVersion = 5.9.1;
			};
		};
		40D153262CBA93D800BD239C /* XCRemoteSwiftPackageReference "Kingfisher" */ = {
			isa = XCRemoteSwiftPackageReference;
			repositoryURL = "https://github.com/onevcat/Kingfisher.git";
			requirement = {
				kind = upToNextMajorVersion;
				minimumVersion = 8.0.3;
			};
		};
		40D153292CBA93F300BD239C /* XCRemoteSwiftPackageReference "RxSwift" */ = {
			isa = XCRemoteSwiftPackageReference;
			repositoryURL = "https://github.com/ReactiveX/RxSwift.git";
			requirement = {
				kind = upToNextMajorVersion;
				minimumVersion = 6.8.0;
			};
		};
/* End XCRemoteSwiftPackageReference section */

/* Begin XCSwiftPackageProductDependency section */
		40D153222CBA93C700BD239C /* Alamofire */ = {
			isa = XCSwiftPackageProductDependency;
			package = 40D153212CBA93C700BD239C /* XCRemoteSwiftPackageReference "Alamofire" */;
			productName = Alamofire;
		};
		40D153272CBA93D800BD239C /* Kingfisher */ = {
			isa = XCSwiftPackageProductDependency;
			package = 40D153262CBA93D800BD239C /* XCRemoteSwiftPackageReference "Kingfisher" */;
			productName = Kingfisher;
		};
		40D1532A2CBA93F300BD239C /* RxCocoa */ = {
			isa = XCSwiftPackageProductDependency;
			package = 40D153292CBA93F300BD239C /* XCRemoteSwiftPackageReference "RxSwift" */;
			productName = RxCocoa;
		};
		40D1532C2CBA93F300BD239C /* RxSwift */ = {
			isa = XCSwiftPackageProductDependency;
			package = 40D153292CBA93F300BD239C /* XCRemoteSwiftPackageReference "RxSwift" */;
			productName = RxSwift;
		};
/* End XCSwiftPackageProductDependency section */
	};
	rootObject = 40D152EF2CBA7C6900BD239C /* Project object */;
}
